
Microsoft Visual Studio Solution File, Format Version 12.00
# Visual Studio 15
VisualStudioVersion = 15.0.27428.2015
MinimumVisualStudioVersion = 10.0.40219.1
Project("{8BC9CEB8-8B4A-11D0-8D11-00A0C91BC942}") = "002 Add Two Numbers", "002_Add_Two_Numbers\002_Add_Two_Numbers.vcxproj", "{0AB0D62D-874E-40A4-BD7B-9FC7DE246AB2}"
EndProject
Project("{8BC9CEB8-8B4A-11D0-8D11-00A0C91BC942}") = "003 Longest Substring Without Repeating Characters", "003_Longest Substring Without Repeating Characters\003_Longest Substring Without Repeating Characters.vcxproj", "{EBA2B9FC-9721-434C-AD45-33ED130EA0A2}"
EndProject
Project("{8BC9CEB8-8B4A-11D0-8D11-00A0C91BC942}") = "004 Median of Two Sorted Arrays", "004 Median of Two Sorted Arrays\004 Median of Two Sorted Arrays.vcxproj", "{86BF769C-F510-4F1E-AD56-4575186CADD3}"
EndProject
Project("{8BC9CEB8-8B4A-11D0-8D11-00A0C91BC942}") = "005 Longest Palindromic Substring", "005 Longest Palindromic Substring\005 Longest Palindromic Substring.vcxproj", "{49411FE4-3CF1-4886-AF1B-19C5B6F9D93B}"
EndProject
Project("{8BC9CEB8-8B4A-11D0-8D11-00A0C91BC942}") = "006 ZigZag Conversion", "006 ZigZag Conversion\006 ZigZag Conversion.vcxproj", "{3FFB962B-944E-4202-A7ED-D943DDA3B3A4}"
EndProject
Project("{8BC9CEB8-8B4A-11D0-8D11-00A0C91BC942}") = "007 Reverse Integer", "7. Reverse Integer\7. Reverse Integer.vcxproj", "{47353B17-9DC3-4C60-9801-9015C12EA29E}"
EndProject
Project("{8BC9CEB8-8B4A-11D0-8D11-00A0C91BC942}") = "008 String to Integer (atoi)", "008 String to Integer (atoi)\008 String to Integer (atoi).vcxproj", "{8410E866-F967-4658-A691-3C3332BA6F25}"
EndProject
Project("{8BC9CEB8-8B4A-11D0-8D11-00A0C91BC942}") = "009 Palindrome Number", "009 Palindrome Number\009 Palindrome Number.vcxproj", "{676CCEE0-BB2F-4FDD-B9A5-24F4C91F7A19}"
EndProject
Project("{8BC9CEB8-8B4A-11D0-8D11-00A0C91BC942}") = "010 Regular Expression Matching", "010 Regular Expression Matching\010 Regular Expression Matching.vcxproj", "{7BF53DCA-1AAC-4D0A-9255-DA2F19B46AA7}"
EndProject
Project("{8BC9CEB8-8B4A-11D0-8D11-00A0C91BC942}") = "011 Container With Most Water", "011 Container With Most Water\011 Container With Most Water.vcxproj", "{CDF85407-E97E-4562-AD8B-DC3EAB8086B1}"
EndProject
Project("{8BC9CEB8-8B4A-11D0-8D11-00A0C91BC942}") = "012 Integer to Roman", "012 Integer to Roman\012 Integer to Roman.vcxproj", "{C88FDA7F-AB0C-470F-BDC2-CC09910E2814}"
EndProject
Project("{8BC9CEB8-8B4A-11D0-8D11-00A0C91BC942}") = "013 Roman to Integer", "013 Roman to Integer\013 Roman to Integer.vcxproj", "{CA900441-8EC0-4A28-82F9-C9755CD08A72}"
EndProject
Project("{8BC9CEB8-8B4A-11D0-8D11-00A0C91BC942}") = "014 Longest Common Prefix", "014 Longest Common Prefix\014 Longest Common Prefix.vcxproj", "{0B307D42-1731-4F9F-8790-C42CD29805A8}"
EndProject
Project("{8BC9CEB8-8B4A-11D0-8D11-00A0C91BC942}") = "015 3Sum", "015 3Sum\015 3Sum.vcxproj", "{1ABB3D70-5E94-4B40-B987-ED7AA01AF907}"
EndProject
Project("{8BC9CEB8-8B4A-11D0-8D11-00A0C91BC942}") = "016 3Sum Closest", "016 3Sum Closest\016 3Sum Closest.vcxproj", "{3E62A9D4-703A-4118-8780-588DB1E92F6C}"
EndProject
Project("{8BC9CEB8-8B4A-11D0-8D11-00A0C91BC942}") = "017 Letter Combinations of a Phone Number", "017 Letter Combinations of a Phone Number\017 Letter Combinations of a Phone Number.vcxproj", "{F2B48A8C-FBF3-4B2A-B326-984381436155}"
EndProject
Project("{8BC9CEB8-8B4A-11D0-8D11-00A0C91BC942}") = "018 4Sum", "018 4Sum\018 4Sum.vcxproj", "{31DD62AB-F67A-4818-A74E-9D4419E4427F}"
EndProject
Project("{8BC9CEB8-8B4A-11D0-8D11-00A0C91BC942}") = "019 Remove Nth Node From End of List", "019 Remove Nth Node From End of List\019 Remove Nth Node From End of List.vcxproj", "{D13B91EA-50E1-428F-9233-250F8F315776}"
EndProject
Project("{8BC9CEB8-8B4A-11D0-8D11-00A0C91BC942}") = "020 Valid Parentheses", "020 Valid Parentheses\020 Valid Parentheses.vcxproj", "{E385A343-0584-4B4E-88C4-765BC202607A}"
EndProject
Project("{8BC9CEB8-8B4A-11D0-8D11-00A0C91BC942}") = "021 Merge Two Sorted Lists", "021 Merge Two Sorted Lists\021 Merge Two Sorted Lists.vcxproj", "{677AD334-9022-4862-BE56-E2174AF86098}"
EndProject
Project("{8BC9CEB8-8B4A-11D0-8D11-00A0C91BC942}") = "022 Generate Parentheses", "022 Generate Parentheses\022 Generate Parentheses.vcxproj", "{C30977D4-56B6-448E-B7A5-A477E1D0BC2A}"
EndProject
Project("{8BC9CEB8-8B4A-11D0-8D11-00A0C91BC942}") = "023 Merge k Sorted Lists", "023 Merge k Sorted Lists\023 Merge k Sorted Lists.vcxproj", "{3A0AF47D-665C-4861-AE54-1165429D7CC2}"
EndProject
Project("{8BC9CEB8-8B4A-11D0-8D11-00A0C91BC942}") = "024 Swap Nodes in Pairs", "024 Swap Nodes in Pairs\024 Swap Nodes in Pairs.vcxproj", "{34CDE452-8573-49C5-A930-86B5545BAA0F}"
EndProject
Project("{8BC9CEB8-8B4A-11D0-8D11-00A0C91BC942}") = "025 Reverse Nodes in k-Group", "025 Reverse Nodes in k-Group\025 Reverse Nodes in k-Group.vcxproj", "{A93DCBBD-7DFC-4E4C-B568-F9AC89E8026E}"
EndProject
Project("{8BC9CEB8-8B4A-11D0-8D11-00A0C91BC942}") = "026 Remove Duplicates from Sorted Array", "026 Remove Duplicates from Sorted Array\026 Remove Duplicates from Sorted Array.vcxproj", "{97115968-CDFF-49B6-90EE-64AAE79C3AC5}"
EndProject
Project("{8BC9CEB8-8B4A-11D0-8D11-00A0C91BC942}") = "027 Remove Element", "027 Remove Element\027 Remove Element.vcxproj", "{5777FF4B-6108-4B6A-B1BF-F6D6017B95DD}"
EndProject
Project("{8BC9CEB8-8B4A-11D0-8D11-00A0C91BC942}") = "028 Implement strStr()", "028 Implement strStr()\028 Implement strStr().vcxproj", "{B3C65EE1-286A-494E-910C-B5C4DBE915FD}"
EndProject
Project("{8BC9CEB8-8B4A-11D0-8D11-00A0C91BC942}") = "029 Divide Two Integers", "029 Divide Two Integers\029 Divide Two Integers.vcxproj", "{BA64B212-1DB8-42FE-9DFA-BE83D626EE00}"
EndProject
Project("{8BC9CEB8-8B4A-11D0-8D11-00A0C91BC942}") = "030 Substring with Concatenation of All Words", "030 Substring with Concatenation of All Words\030 Substring with Concatenation of All Words.vcxproj", "{BC6C0231-87B4-4D6F-BC90-3520C4D4D8D0}"
EndProject
Project("{8BC9CEB8-8B4A-11D0-8D11-00A0C91BC942}") = "031 Next Permutation", "031 Next Permutation\031 Next Permutation.vcxproj", "{16007F55-6D81-46E4-A97D-4118F383D623}"
EndProject
Project("{8BC9CEB8-8B4A-11D0-8D11-00A0C91BC942}") = "032 Longest Valid Parentheses", "032 Longest Valid Parentheses\032 Longest Valid Parentheses.vcxproj", "{5EF15660-F180-4933-8912-364EDDF13465}"
EndProject
Project("{8BC9CEB8-8B4A-11D0-8D11-00A0C91BC942}") = "033 Search in Rotated Sorted Array", "033 Search in Rotated Sorted Array\033 Search in Rotated Sorted Array.vcxproj", "{A08DED17-4796-480F-B80B-7AA5F2033AB3}"
EndProject
Project("{8BC9CEB8-8B4A-11D0-8D11-00A0C91BC942}") = "034 Find First and Last Position of Element in Sorted Array", "034 Find First and Last Position of Element in Sorted Array\034 Find First and Last Position of Element in Sorted Array.vcxproj", "{043395E8-60A6-436D-A49F-1810E614945E}"
EndProject
Project("{8BC9CEB8-8B4A-11D0-8D11-00A0C91BC942}") = "035 Search Insert Position", "035 Search Insert Position\035 Search Insert Position.vcxproj", "{0C32D753-D6C7-43DA-B499-B58CDB95E1C8}"
EndProject
Project("{8BC9CEB8-8B4A-11D0-8D11-00A0C91BC942}") = "036 Valid Sudoku", "036 Valid Sudoku\036 Valid Sudoku.vcxproj", "{AB5DD370-8A21-4124-AF6B-C38FD0D3DC9D}"
EndProject
Project("{8BC9CEB8-8B4A-11D0-8D11-00A0C91BC942}") = "102 Binary Tree Level Order Traversal", "102 Binary Tree Level Order Traversal\102 Binary Tree Level Order Traversal.vcxproj", "{B6606312-C24C-4A53-BD8A-4A55FC945285}"
EndProject
Project("{8BC9CEB8-8B4A-11D0-8D11-00A0C91BC942}") = "103 Binary Tree Zigzag Level Order Traversal", "103 Binary Tree Zigzag Level Order Traversal\103 Binary Tree Zigzag Level Order Traversal.vcxproj", "{AC381A61-EE2C-4B2A-B7BD-46EB3C1A334E}"
EndProject
Project("{8BC9CEB8-8B4A-11D0-8D11-00A0C91BC942}") = "Test", "Test\Test.vcxproj", "{B21BD3F1-17A4-4AE9-B582-273605638023}"
EndProject
Project("{8BC9CEB8-8B4A-11D0-8D11-00A0C91BC942}") = "777 Swap Adjacent in LR String", "777 Swap Adjacent in LR String\777 Swap Adjacent in LR String.vcxproj", "{D2621436-5CE0-43DD-A45F-F443D048D7BF}"
EndProject
Project("{8BC9CEB8-8B4A-11D0-8D11-00A0C91BC942}") = "050 Pow(x, n)", "050 Pow(x, n)\050 Pow(x, n).vcxproj", "{9B063815-7E45-4BE4-8F3B-F680DAE74178}"
EndProject
Project("{8BC9CEB8-8B4A-11D0-8D11-00A0C91BC942}") = "098 Validate Binary Search Tree", "098 Validate Binary Search Tree\098 Validate Binary Search Tree.vcxproj", "{DDA69E4F-9F7C-4049-8723-F4D30A768195}"
EndProject
Project("{8BC9CEB8-8B4A-11D0-8D11-00A0C91BC942}") = "130 Surrounded Regions", "130 Surrounded Regions\130 Surrounded Regions.vcxproj", "{6AAD4360-EC70-449D-91B6-E2767627DBC7}"
EndProject
Project("{8BC9CEB8-8B4A-11D0-8D11-00A0C91BC942}") = "1038 Binary Search Tree to Greater Sum Tree", "1038 Binary Search Tree to Greater Sum Tree\1038 Binary Search Tree to Greater Sum Tree.vcxproj", "{F04683DE-91E1-4E2A-B2E6-3AE517F5D19C}"
EndProject
Project("{8BC9CEB8-8B4A-11D0-8D11-00A0C91BC942}") = "074 Search a 2D Matrix", "074 Search a 2D Matrix\074 Search a 2D Matrix.vcxproj", "{9B6EEEB5-3AD9-4777-B137-AF4DA9955D25}"
EndProject
Project("{8BC9CEB8-8B4A-11D0-8D11-00A0C91BC942}") = "133 Clone Graph", "133 Clone Graph\133 Clone Graph.vcxproj", "{79F3175F-5D13-438A-B92A-D87A326F096E}"
EndProject
Project("{8BC9CEB8-8B4A-11D0-8D11-00A0C91BC942}") = "105 Construct Binary Tree from Preorder and Inorder Traversal", "105 Construct Binary Tree from Preorder and Inorder Traversal\105 Construct Binary Tree from Preorder and Inorder Traversal.vcxproj", "{79E99B60-7DAA-4E99-8D18-9BD30E578ABB}"
EndProject
Project("{8BC9CEB8-8B4A-11D0-8D11-00A0C91BC942}") = "106 Construct Binary Tree from Inorder and Postorder Traversal", "106 Construct Binary Tree from Inorder and Postorder Traversal\106 Construct Binary Tree from Inorder and Postorder Traversal.vcxproj", "{FFEA7D55-D027-4B2B-A91B-DDCF9812245E}"
EndProject
Project("{8BC9CEB8-8B4A-11D0-8D11-00A0C91BC942}") = "109 Convert Sorted List to Binary Search Tree", "109 Convert Sorted List to Binary Search Tree\109 Convert Sorted List to Binary Search Tree.vcxproj", "{EAEB7594-E76F-4E6F-93A1-E170935E9D77}"
EndProject
Project("{8BC9CEB8-8B4A-11D0-8D11-00A0C91BC942}") = "113 Path Sum II", "113 Path Sum II\113 Path Sum II.vcxproj", "{C7CD9508-389E-45C0-BA9A-17739EFF0E20}"
EndProject
Project("{8BC9CEB8-8B4A-11D0-8D11-00A0C91BC942}") = "207 Course Schedule", "207 Course Schedule\207 Course Schedule.vcxproj", "{5C4EC054-C2C8-4A0E-B199-427DC1EB3A50}"
EndProject
Project("{8BC9CEB8-8B4A-11D0-8D11-00A0C91BC942}") = "128 Longest Consecutive Sequence", "128 Longest Consecutive Sequence\128 Longest Consecutive Sequence.vcxproj", "{F8473F24-59D2-481F-8BF6-237400539311}"
EndProject
Project("{8BC9CEB8-8B4A-11D0-8D11-00A0C91BC942}") = "200 Number of Islands", "200 Number of Islands\200 Number of Islands.vcxproj", "{2DE8D3D1-4E1E-4E3E-9600-B3DDF91D22D6}"
EndProject
Project("{8BC9CEB8-8B4A-11D0-8D11-00A0C91BC942}") = "399 Evaluate Division", "399 Evaluate Division\399 Evaluate Division.vcxproj", "{658B11C7-8AE5-4BCA-A152-B058D99D357E}"
EndProject
Project("{8BC9CEB8-8B4A-11D0-8D11-00A0C91BC942}") = "099 Recover Binary Search Tree", "099 Recover Binary Search Tree\099 Recover Binary Search Tree.vcxproj", "{0DEB0927-DE8F-4ED9-9726-17F2E7A82279}"
EndProject
Project("{8BC9CEB8-8B4A-11D0-8D11-00A0C91BC942}") = "039 Combination Sum", "039 Combination Sum\039 Combination Sum.vcxproj", "{7E7615A4-2869-47D4-B428-66AAE93613C8}"
EndProject
Project("{8BC9CEB8-8B4A-11D0-8D11-00A0C91BC942}") = "040 Combination Sum II", "040 Combination Sum II\040 Combination Sum II.vcxproj", "{A4ACFAFA-E588-46E9-B9C1-BEA77AD7D850}"
EndProject
Project("{8BC9CEB8-8B4A-11D0-8D11-00A0C91BC942}") = "649 Dota2 Senate", "649 Dota2 Senate\649 Dota2 Senate.vcxproj", "{FC190947-1B2F-4B7E-8DEA-8973DDD8FF36}"
EndProject
Project("{8BC9CEB8-8B4A-11D0-8D11-00A0C91BC942}") = "043 Multiply Strings", "043 Multiply Strings\043 Multiply Strings.vcxproj", "{39D3D634-47B0-4514-BC06-83FF057BC25B}"
EndProject
Project("{8BC9CEB8-8B4A-11D0-8D11-00A0C91BC942}") = "046 Permutations", "046 Permutations\046 Permutations.vcxproj", "{65B7E080-A923-46FF-B7C9-A2E9219E2401}"
EndProject
Project("{8BC9CEB8-8B4A-11D0-8D11-00A0C91BC942}") = "135 Candy", "135 Candy\135 Candy.vcxproj", "{E4CE2BA7-7E01-4871-95A7-EF7CC4CB17BC}"
EndProject
Project("{8BC9CEB8-8B4A-11D0-8D11-00A0C91BC942}") = "456 132 Pattern", "456 132 Pattern\456 132 Pattern.vcxproj", "{45948A0B-0E7A-46F2-B10D-24F128942BB2}"
EndProject
Project("{8BC9CEB8-8B4A-11D0-8D11-00A0C91BC942}") = "085 Maximal Rectangle", "085 Maximal Rectangle\085 Maximal Rectangle.vcxproj", "{5D0820A5-D094-42BA-AC0B-D31945B08DB4}"
EndProject
Project("{8BC9CEB8-8B4A-11D0-8D11-00A0C91BC942}") = "330 Patching Array", "330 Patching Array\330 Patching Array.vcxproj", "{174B0242-3AE7-40C9-B37C-A494DCE94DDF}"
EndProject
Project("{8BC9CEB8-8B4A-11D0-8D11-00A0C91BC942}") = "1202 Smallest String With Swaps", "1202 Smallest String With Swaps\1202 Smallest String With Swaps.vcxproj", "{D6E20588-487B-4ACF-9DEA-F0107AB9A2E3}"
EndProject
Global
	GlobalSection(SolutionConfigurationPlatforms) = preSolution
		Debug|Any CPU = Debug|Any CPU
		Debug|x64 = Debug|x64
		Debug|x86 = Debug|x86
		Release|Any CPU = Release|Any CPU
		Release|x64 = Release|x64
		Release|x86 = Release|x86
	EndGlobalSection
	GlobalSection(ProjectConfigurationPlatforms) = postSolution
		{0AB0D62D-874E-40A4-BD7B-9FC7DE246AB2}.Debug|Any CPU.ActiveCfg = Debug|Win32
		{0AB0D62D-874E-40A4-BD7B-9FC7DE246AB2}.Debug|x64.ActiveCfg = Debug|x64
		{0AB0D62D-874E-40A4-BD7B-9FC7DE246AB2}.Debug|x64.Build.0 = Debug|x64
		{0AB0D62D-874E-40A4-BD7B-9FC7DE246AB2}.Debug|x86.ActiveCfg = Debug|Win32
		{0AB0D62D-874E-40A4-BD7B-9FC7DE246AB2}.Debug|x86.Build.0 = Debug|Win32
		{0AB0D62D-874E-40A4-BD7B-9FC7DE246AB2}.Release|Any CPU.ActiveCfg = Release|Win32
		{0AB0D62D-874E-40A4-BD7B-9FC7DE246AB2}.Release|x64.ActiveCfg = Release|x64
		{0AB0D62D-874E-40A4-BD7B-9FC7DE246AB2}.Release|x64.Build.0 = Release|x64
		{0AB0D62D-874E-40A4-BD7B-9FC7DE246AB2}.Release|x86.ActiveCfg = Release|Win32
		{0AB0D62D-874E-40A4-BD7B-9FC7DE246AB2}.Release|x86.Build.0 = Release|Win32
		{EBA2B9FC-9721-434C-AD45-33ED130EA0A2}.Debug|Any CPU.ActiveCfg = Debug|Win32
		{EBA2B9FC-9721-434C-AD45-33ED130EA0A2}.Debug|x64.ActiveCfg = Debug|x64
		{EBA2B9FC-9721-434C-AD45-33ED130EA0A2}.Debug|x64.Build.0 = Debug|x64
		{EBA2B9FC-9721-434C-AD45-33ED130EA0A2}.Debug|x86.ActiveCfg = Debug|Win32
		{EBA2B9FC-9721-434C-AD45-33ED130EA0A2}.Debug|x86.Build.0 = Debug|Win32
		{EBA2B9FC-9721-434C-AD45-33ED130EA0A2}.Release|Any CPU.ActiveCfg = Release|Win32
		{EBA2B9FC-9721-434C-AD45-33ED130EA0A2}.Release|x64.ActiveCfg = Release|x64
		{EBA2B9FC-9721-434C-AD45-33ED130EA0A2}.Release|x64.Build.0 = Release|x64
		{EBA2B9FC-9721-434C-AD45-33ED130EA0A2}.Release|x86.ActiveCfg = Release|Win32
		{EBA2B9FC-9721-434C-AD45-33ED130EA0A2}.Release|x86.Build.0 = Release|Win32
		{86BF769C-F510-4F1E-AD56-4575186CADD3}.Debug|Any CPU.ActiveCfg = Debug|Win32
		{86BF769C-F510-4F1E-AD56-4575186CADD3}.Debug|x64.ActiveCfg = Debug|x64
		{86BF769C-F510-4F1E-AD56-4575186CADD3}.Debug|x64.Build.0 = Debug|x64
		{86BF769C-F510-4F1E-AD56-4575186CADD3}.Debug|x86.ActiveCfg = Debug|Win32
		{86BF769C-F510-4F1E-AD56-4575186CADD3}.Debug|x86.Build.0 = Debug|Win32
		{86BF769C-F510-4F1E-AD56-4575186CADD3}.Release|Any CPU.ActiveCfg = Release|Win32
		{86BF769C-F510-4F1E-AD56-4575186CADD3}.Release|x64.ActiveCfg = Release|x64
		{86BF769C-F510-4F1E-AD56-4575186CADD3}.Release|x64.Build.0 = Release|x64
		{86BF769C-F510-4F1E-AD56-4575186CADD3}.Release|x86.ActiveCfg = Release|Win32
		{86BF769C-F510-4F1E-AD56-4575186CADD3}.Release|x86.Build.0 = Release|Win32
		{49411FE4-3CF1-4886-AF1B-19C5B6F9D93B}.Debug|Any CPU.ActiveCfg = Debug|Win32
		{49411FE4-3CF1-4886-AF1B-19C5B6F9D93B}.Debug|x64.ActiveCfg = Debug|x64
		{49411FE4-3CF1-4886-AF1B-19C5B6F9D93B}.Debug|x64.Build.0 = Debug|x64
		{49411FE4-3CF1-4886-AF1B-19C5B6F9D93B}.Debug|x86.ActiveCfg = Debug|Win32
		{49411FE4-3CF1-4886-AF1B-19C5B6F9D93B}.Debug|x86.Build.0 = Debug|Win32
		{49411FE4-3CF1-4886-AF1B-19C5B6F9D93B}.Release|Any CPU.ActiveCfg = Release|Win32
		{49411FE4-3CF1-4886-AF1B-19C5B6F9D93B}.Release|x64.ActiveCfg = Release|x64
		{49411FE4-3CF1-4886-AF1B-19C5B6F9D93B}.Release|x64.Build.0 = Release|x64
		{49411FE4-3CF1-4886-AF1B-19C5B6F9D93B}.Release|x86.ActiveCfg = Release|Win32
		{49411FE4-3CF1-4886-AF1B-19C5B6F9D93B}.Release|x86.Build.0 = Release|Win32
		{3FFB962B-944E-4202-A7ED-D943DDA3B3A4}.Debug|Any CPU.ActiveCfg = Debug|Win32
		{3FFB962B-944E-4202-A7ED-D943DDA3B3A4}.Debug|x64.ActiveCfg = Debug|x64
		{3FFB962B-944E-4202-A7ED-D943DDA3B3A4}.Debug|x64.Build.0 = Debug|x64
		{3FFB962B-944E-4202-A7ED-D943DDA3B3A4}.Debug|x86.ActiveCfg = Debug|Win32
		{3FFB962B-944E-4202-A7ED-D943DDA3B3A4}.Debug|x86.Build.0 = Debug|Win32
		{3FFB962B-944E-4202-A7ED-D943DDA3B3A4}.Release|Any CPU.ActiveCfg = Release|Win32
		{3FFB962B-944E-4202-A7ED-D943DDA3B3A4}.Release|x64.ActiveCfg = Release|x64
		{3FFB962B-944E-4202-A7ED-D943DDA3B3A4}.Release|x64.Build.0 = Release|x64
		{3FFB962B-944E-4202-A7ED-D943DDA3B3A4}.Release|x86.ActiveCfg = Release|Win32
		{3FFB962B-944E-4202-A7ED-D943DDA3B3A4}.Release|x86.Build.0 = Release|Win32
		{47353B17-9DC3-4C60-9801-9015C12EA29E}.Debug|Any CPU.ActiveCfg = Debug|Win32
		{47353B17-9DC3-4C60-9801-9015C12EA29E}.Debug|x64.ActiveCfg = Debug|x64
		{47353B17-9DC3-4C60-9801-9015C12EA29E}.Debug|x64.Build.0 = Debug|x64
		{47353B17-9DC3-4C60-9801-9015C12EA29E}.Debug|x86.ActiveCfg = Debug|Win32
		{47353B17-9DC3-4C60-9801-9015C12EA29E}.Debug|x86.Build.0 = Debug|Win32
		{47353B17-9DC3-4C60-9801-9015C12EA29E}.Release|Any CPU.ActiveCfg = Release|Win32
		{47353B17-9DC3-4C60-9801-9015C12EA29E}.Release|x64.ActiveCfg = Release|x64
		{47353B17-9DC3-4C60-9801-9015C12EA29E}.Release|x64.Build.0 = Release|x64
		{47353B17-9DC3-4C60-9801-9015C12EA29E}.Release|x86.ActiveCfg = Release|Win32
		{47353B17-9DC3-4C60-9801-9015C12EA29E}.Release|x86.Build.0 = Release|Win32
		{8410E866-F967-4658-A691-3C3332BA6F25}.Debug|Any CPU.ActiveCfg = Debug|Win32
		{8410E866-F967-4658-A691-3C3332BA6F25}.Debug|x64.ActiveCfg = Debug|x64
		{8410E866-F967-4658-A691-3C3332BA6F25}.Debug|x64.Build.0 = Debug|x64
		{8410E866-F967-4658-A691-3C3332BA6F25}.Debug|x86.ActiveCfg = Debug|Win32
		{8410E866-F967-4658-A691-3C3332BA6F25}.Debug|x86.Build.0 = Debug|Win32
		{8410E866-F967-4658-A691-3C3332BA6F25}.Release|Any CPU.ActiveCfg = Release|Win32
		{8410E866-F967-4658-A691-3C3332BA6F25}.Release|x64.ActiveCfg = Release|x64
		{8410E866-F967-4658-A691-3C3332BA6F25}.Release|x64.Build.0 = Release|x64
		{8410E866-F967-4658-A691-3C3332BA6F25}.Release|x86.ActiveCfg = Release|Win32
		{8410E866-F967-4658-A691-3C3332BA6F25}.Release|x86.Build.0 = Release|Win32
		{676CCEE0-BB2F-4FDD-B9A5-24F4C91F7A19}.Debug|Any CPU.ActiveCfg = Debug|Win32
		{676CCEE0-BB2F-4FDD-B9A5-24F4C91F7A19}.Debug|x64.ActiveCfg = Debug|x64
		{676CCEE0-BB2F-4FDD-B9A5-24F4C91F7A19}.Debug|x64.Build.0 = Debug|x64
		{676CCEE0-BB2F-4FDD-B9A5-24F4C91F7A19}.Debug|x86.ActiveCfg = Debug|Win32
		{676CCEE0-BB2F-4FDD-B9A5-24F4C91F7A19}.Debug|x86.Build.0 = Debug|Win32
		{676CCEE0-BB2F-4FDD-B9A5-24F4C91F7A19}.Release|Any CPU.ActiveCfg = Release|Win32
		{676CCEE0-BB2F-4FDD-B9A5-24F4C91F7A19}.Release|x64.ActiveCfg = Release|x64
		{676CCEE0-BB2F-4FDD-B9A5-24F4C91F7A19}.Release|x64.Build.0 = Release|x64
		{676CCEE0-BB2F-4FDD-B9A5-24F4C91F7A19}.Release|x86.ActiveCfg = Release|Win32
		{676CCEE0-BB2F-4FDD-B9A5-24F4C91F7A19}.Release|x86.Build.0 = Release|Win32
		{7BF53DCA-1AAC-4D0A-9255-DA2F19B46AA7}.Debug|Any CPU.ActiveCfg = Debug|Win32
		{7BF53DCA-1AAC-4D0A-9255-DA2F19B46AA7}.Debug|x64.ActiveCfg = Debug|x64
		{7BF53DCA-1AAC-4D0A-9255-DA2F19B46AA7}.Debug|x64.Build.0 = Debug|x64
		{7BF53DCA-1AAC-4D0A-9255-DA2F19B46AA7}.Debug|x86.ActiveCfg = Debug|Win32
		{7BF53DCA-1AAC-4D0A-9255-DA2F19B46AA7}.Debug|x86.Build.0 = Debug|Win32
		{7BF53DCA-1AAC-4D0A-9255-DA2F19B46AA7}.Release|Any CPU.ActiveCfg = Release|Win32
		{7BF53DCA-1AAC-4D0A-9255-DA2F19B46AA7}.Release|x64.ActiveCfg = Release|x64
		{7BF53DCA-1AAC-4D0A-9255-DA2F19B46AA7}.Release|x64.Build.0 = Release|x64
		{7BF53DCA-1AAC-4D0A-9255-DA2F19B46AA7}.Release|x86.ActiveCfg = Release|Win32
		{7BF53DCA-1AAC-4D0A-9255-DA2F19B46AA7}.Release|x86.Build.0 = Release|Win32
		{CDF85407-E97E-4562-AD8B-DC3EAB8086B1}.Debug|Any CPU.ActiveCfg = Debug|Win32
		{CDF85407-E97E-4562-AD8B-DC3EAB8086B1}.Debug|x64.ActiveCfg = Debug|x64
		{CDF85407-E97E-4562-AD8B-DC3EAB8086B1}.Debug|x64.Build.0 = Debug|x64
		{CDF85407-E97E-4562-AD8B-DC3EAB8086B1}.Debug|x86.ActiveCfg = Debug|Win32
		{CDF85407-E97E-4562-AD8B-DC3EAB8086B1}.Debug|x86.Build.0 = Debug|Win32
		{CDF85407-E97E-4562-AD8B-DC3EAB8086B1}.Release|Any CPU.ActiveCfg = Release|Win32
		{CDF85407-E97E-4562-AD8B-DC3EAB8086B1}.Release|x64.ActiveCfg = Release|x64
		{CDF85407-E97E-4562-AD8B-DC3EAB8086B1}.Release|x64.Build.0 = Release|x64
		{CDF85407-E97E-4562-AD8B-DC3EAB8086B1}.Release|x86.ActiveCfg = Release|Win32
		{CDF85407-E97E-4562-AD8B-DC3EAB8086B1}.Release|x86.Build.0 = Release|Win32
		{C88FDA7F-AB0C-470F-BDC2-CC09910E2814}.Debug|Any CPU.ActiveCfg = Debug|Win32
		{C88FDA7F-AB0C-470F-BDC2-CC09910E2814}.Debug|x64.ActiveCfg = Debug|x64
		{C88FDA7F-AB0C-470F-BDC2-CC09910E2814}.Debug|x64.Build.0 = Debug|x64
		{C88FDA7F-AB0C-470F-BDC2-CC09910E2814}.Debug|x86.ActiveCfg = Debug|Win32
		{C88FDA7F-AB0C-470F-BDC2-CC09910E2814}.Debug|x86.Build.0 = Debug|Win32
		{C88FDA7F-AB0C-470F-BDC2-CC09910E2814}.Release|Any CPU.ActiveCfg = Release|Win32
		{C88FDA7F-AB0C-470F-BDC2-CC09910E2814}.Release|x64.ActiveCfg = Release|x64
		{C88FDA7F-AB0C-470F-BDC2-CC09910E2814}.Release|x64.Build.0 = Release|x64
		{C88FDA7F-AB0C-470F-BDC2-CC09910E2814}.Release|x86.ActiveCfg = Release|Win32
		{C88FDA7F-AB0C-470F-BDC2-CC09910E2814}.Release|x86.Build.0 = Release|Win32
		{CA900441-8EC0-4A28-82F9-C9755CD08A72}.Debug|Any CPU.ActiveCfg = Debug|Win32
		{CA900441-8EC0-4A28-82F9-C9755CD08A72}.Debug|x64.ActiveCfg = Debug|x64
		{CA900441-8EC0-4A28-82F9-C9755CD08A72}.Debug|x64.Build.0 = Debug|x64
		{CA900441-8EC0-4A28-82F9-C9755CD08A72}.Debug|x86.ActiveCfg = Debug|Win32
		{CA900441-8EC0-4A28-82F9-C9755CD08A72}.Debug|x86.Build.0 = Debug|Win32
		{CA900441-8EC0-4A28-82F9-C9755CD08A72}.Release|Any CPU.ActiveCfg = Release|Win32
		{CA900441-8EC0-4A28-82F9-C9755CD08A72}.Release|x64.ActiveCfg = Release|x64
		{CA900441-8EC0-4A28-82F9-C9755CD08A72}.Release|x64.Build.0 = Release|x64
		{CA900441-8EC0-4A28-82F9-C9755CD08A72}.Release|x86.ActiveCfg = Release|Win32
		{CA900441-8EC0-4A28-82F9-C9755CD08A72}.Release|x86.Build.0 = Release|Win32
		{0B307D42-1731-4F9F-8790-C42CD29805A8}.Debug|Any CPU.ActiveCfg = Debug|Win32
		{0B307D42-1731-4F9F-8790-C42CD29805A8}.Debug|x64.ActiveCfg = Debug|x64
		{0B307D42-1731-4F9F-8790-C42CD29805A8}.Debug|x64.Build.0 = Debug|x64
		{0B307D42-1731-4F9F-8790-C42CD29805A8}.Debug|x86.ActiveCfg = Debug|Win32
		{0B307D42-1731-4F9F-8790-C42CD29805A8}.Debug|x86.Build.0 = Debug|Win32
		{0B307D42-1731-4F9F-8790-C42CD29805A8}.Release|Any CPU.ActiveCfg = Release|Win32
		{0B307D42-1731-4F9F-8790-C42CD29805A8}.Release|x64.ActiveCfg = Release|x64
		{0B307D42-1731-4F9F-8790-C42CD29805A8}.Release|x64.Build.0 = Release|x64
		{0B307D42-1731-4F9F-8790-C42CD29805A8}.Release|x86.ActiveCfg = Release|Win32
		{0B307D42-1731-4F9F-8790-C42CD29805A8}.Release|x86.Build.0 = Release|Win32
		{1ABB3D70-5E94-4B40-B987-ED7AA01AF907}.Debug|Any CPU.ActiveCfg = Debug|Win32
		{1ABB3D70-5E94-4B40-B987-ED7AA01AF907}.Debug|x64.ActiveCfg = Debug|x64
		{1ABB3D70-5E94-4B40-B987-ED7AA01AF907}.Debug|x64.Build.0 = Debug|x64
		{1ABB3D70-5E94-4B40-B987-ED7AA01AF907}.Debug|x86.ActiveCfg = Debug|Win32
		{1ABB3D70-5E94-4B40-B987-ED7AA01AF907}.Debug|x86.Build.0 = Debug|Win32
		{1ABB3D70-5E94-4B40-B987-ED7AA01AF907}.Release|Any CPU.ActiveCfg = Release|Win32
		{1ABB3D70-5E94-4B40-B987-ED7AA01AF907}.Release|x64.ActiveCfg = Release|x64
		{1ABB3D70-5E94-4B40-B987-ED7AA01AF907}.Release|x64.Build.0 = Release|x64
		{1ABB3D70-5E94-4B40-B987-ED7AA01AF907}.Release|x86.ActiveCfg = Release|Win32
		{1ABB3D70-5E94-4B40-B987-ED7AA01AF907}.Release|x86.Build.0 = Release|Win32
		{3E62A9D4-703A-4118-8780-588DB1E92F6C}.Debug|Any CPU.ActiveCfg = Debug|Win32
		{3E62A9D4-703A-4118-8780-588DB1E92F6C}.Debug|x64.ActiveCfg = Debug|x64
		{3E62A9D4-703A-4118-8780-588DB1E92F6C}.Debug|x64.Build.0 = Debug|x64
		{3E62A9D4-703A-4118-8780-588DB1E92F6C}.Debug|x86.ActiveCfg = Debug|Win32
		{3E62A9D4-703A-4118-8780-588DB1E92F6C}.Debug|x86.Build.0 = Debug|Win32
		{3E62A9D4-703A-4118-8780-588DB1E92F6C}.Release|Any CPU.ActiveCfg = Release|Win32
		{3E62A9D4-703A-4118-8780-588DB1E92F6C}.Release|x64.ActiveCfg = Release|x64
		{3E62A9D4-703A-4118-8780-588DB1E92F6C}.Release|x64.Build.0 = Release|x64
		{3E62A9D4-703A-4118-8780-588DB1E92F6C}.Release|x86.ActiveCfg = Release|Win32
		{3E62A9D4-703A-4118-8780-588DB1E92F6C}.Release|x86.Build.0 = Release|Win32
		{F2B48A8C-FBF3-4B2A-B326-984381436155}.Debug|Any CPU.ActiveCfg = Debug|Win32
		{F2B48A8C-FBF3-4B2A-B326-984381436155}.Debug|x64.ActiveCfg = Debug|x64
		{F2B48A8C-FBF3-4B2A-B326-984381436155}.Debug|x64.Build.0 = Debug|x64
		{F2B48A8C-FBF3-4B2A-B326-984381436155}.Debug|x86.ActiveCfg = Debug|Win32
		{F2B48A8C-FBF3-4B2A-B326-984381436155}.Debug|x86.Build.0 = Debug|Win32
		{F2B48A8C-FBF3-4B2A-B326-984381436155}.Release|Any CPU.ActiveCfg = Release|Win32
		{F2B48A8C-FBF3-4B2A-B326-984381436155}.Release|x64.ActiveCfg = Release|x64
		{F2B48A8C-FBF3-4B2A-B326-984381436155}.Release|x64.Build.0 = Release|x64
		{F2B48A8C-FBF3-4B2A-B326-984381436155}.Release|x86.ActiveCfg = Release|Win32
		{F2B48A8C-FBF3-4B2A-B326-984381436155}.Release|x86.Build.0 = Release|Win32
		{31DD62AB-F67A-4818-A74E-9D4419E4427F}.Debug|Any CPU.ActiveCfg = Debug|Win32
		{31DD62AB-F67A-4818-A74E-9D4419E4427F}.Debug|x64.ActiveCfg = Debug|x64
		{31DD62AB-F67A-4818-A74E-9D4419E4427F}.Debug|x64.Build.0 = Debug|x64
		{31DD62AB-F67A-4818-A74E-9D4419E4427F}.Debug|x86.ActiveCfg = Debug|Win32
		{31DD62AB-F67A-4818-A74E-9D4419E4427F}.Debug|x86.Build.0 = Debug|Win32
		{31DD62AB-F67A-4818-A74E-9D4419E4427F}.Release|Any CPU.ActiveCfg = Release|Win32
		{31DD62AB-F67A-4818-A74E-9D4419E4427F}.Release|x64.ActiveCfg = Release|x64
		{31DD62AB-F67A-4818-A74E-9D4419E4427F}.Release|x64.Build.0 = Release|x64
		{31DD62AB-F67A-4818-A74E-9D4419E4427F}.Release|x86.ActiveCfg = Release|Win32
		{31DD62AB-F67A-4818-A74E-9D4419E4427F}.Release|x86.Build.0 = Release|Win32
		{D13B91EA-50E1-428F-9233-250F8F315776}.Debug|Any CPU.ActiveCfg = Debug|Win32
		{D13B91EA-50E1-428F-9233-250F8F315776}.Debug|x64.ActiveCfg = Debug|x64
		{D13B91EA-50E1-428F-9233-250F8F315776}.Debug|x64.Build.0 = Debug|x64
		{D13B91EA-50E1-428F-9233-250F8F315776}.Debug|x86.ActiveCfg = Debug|Win32
		{D13B91EA-50E1-428F-9233-250F8F315776}.Debug|x86.Build.0 = Debug|Win32
		{D13B91EA-50E1-428F-9233-250F8F315776}.Release|Any CPU.ActiveCfg = Release|Win32
		{D13B91EA-50E1-428F-9233-250F8F315776}.Release|x64.ActiveCfg = Release|x64
		{D13B91EA-50E1-428F-9233-250F8F315776}.Release|x64.Build.0 = Release|x64
		{D13B91EA-50E1-428F-9233-250F8F315776}.Release|x86.ActiveCfg = Release|Win32
		{D13B91EA-50E1-428F-9233-250F8F315776}.Release|x86.Build.0 = Release|Win32
		{E385A343-0584-4B4E-88C4-765BC202607A}.Debug|Any CPU.ActiveCfg = Debug|Win32
		{E385A343-0584-4B4E-88C4-765BC202607A}.Debug|x64.ActiveCfg = Debug|x64
		{E385A343-0584-4B4E-88C4-765BC202607A}.Debug|x64.Build.0 = Debug|x64
		{E385A343-0584-4B4E-88C4-765BC202607A}.Debug|x86.ActiveCfg = Debug|Win32
		{E385A343-0584-4B4E-88C4-765BC202607A}.Debug|x86.Build.0 = Debug|Win32
		{E385A343-0584-4B4E-88C4-765BC202607A}.Release|Any CPU.ActiveCfg = Release|Win32
		{E385A343-0584-4B4E-88C4-765BC202607A}.Release|x64.ActiveCfg = Release|x64
		{E385A343-0584-4B4E-88C4-765BC202607A}.Release|x64.Build.0 = Release|x64
		{E385A343-0584-4B4E-88C4-765BC202607A}.Release|x86.ActiveCfg = Release|Win32
		{E385A343-0584-4B4E-88C4-765BC202607A}.Release|x86.Build.0 = Release|Win32
		{677AD334-9022-4862-BE56-E2174AF86098}.Debug|Any CPU.ActiveCfg = Debug|Win32
		{677AD334-9022-4862-BE56-E2174AF86098}.Debug|x64.ActiveCfg = Debug|x64
		{677AD334-9022-4862-BE56-E2174AF86098}.Debug|x64.Build.0 = Debug|x64
		{677AD334-9022-4862-BE56-E2174AF86098}.Debug|x86.ActiveCfg = Debug|Win32
		{677AD334-9022-4862-BE56-E2174AF86098}.Debug|x86.Build.0 = Debug|Win32
		{677AD334-9022-4862-BE56-E2174AF86098}.Release|Any CPU.ActiveCfg = Release|Win32
		{677AD334-9022-4862-BE56-E2174AF86098}.Release|x64.ActiveCfg = Release|x64
		{677AD334-9022-4862-BE56-E2174AF86098}.Release|x64.Build.0 = Release|x64
		{677AD334-9022-4862-BE56-E2174AF86098}.Release|x86.ActiveCfg = Release|Win32
		{677AD334-9022-4862-BE56-E2174AF86098}.Release|x86.Build.0 = Release|Win32
		{C30977D4-56B6-448E-B7A5-A477E1D0BC2A}.Debug|Any CPU.ActiveCfg = Debug|Win32
		{C30977D4-56B6-448E-B7A5-A477E1D0BC2A}.Debug|x64.ActiveCfg = Debug|x64
		{C30977D4-56B6-448E-B7A5-A477E1D0BC2A}.Debug|x64.Build.0 = Debug|x64
		{C30977D4-56B6-448E-B7A5-A477E1D0BC2A}.Debug|x86.ActiveCfg = Debug|Win32
		{C30977D4-56B6-448E-B7A5-A477E1D0BC2A}.Debug|x86.Build.0 = Debug|Win32
		{C30977D4-56B6-448E-B7A5-A477E1D0BC2A}.Release|Any CPU.ActiveCfg = Release|Win32
		{C30977D4-56B6-448E-B7A5-A477E1D0BC2A}.Release|x64.ActiveCfg = Release|x64
		{C30977D4-56B6-448E-B7A5-A477E1D0BC2A}.Release|x64.Build.0 = Release|x64
		{C30977D4-56B6-448E-B7A5-A477E1D0BC2A}.Release|x86.ActiveCfg = Release|Win32
		{C30977D4-56B6-448E-B7A5-A477E1D0BC2A}.Release|x86.Build.0 = Release|Win32
		{3A0AF47D-665C-4861-AE54-1165429D7CC2}.Debug|Any CPU.ActiveCfg = Debug|Win32
		{3A0AF47D-665C-4861-AE54-1165429D7CC2}.Debug|x64.ActiveCfg = Debug|x64
		{3A0AF47D-665C-4861-AE54-1165429D7CC2}.Debug|x64.Build.0 = Debug|x64
		{3A0AF47D-665C-4861-AE54-1165429D7CC2}.Debug|x86.ActiveCfg = Debug|Win32
		{3A0AF47D-665C-4861-AE54-1165429D7CC2}.Debug|x86.Build.0 = Debug|Win32
		{3A0AF47D-665C-4861-AE54-1165429D7CC2}.Release|Any CPU.ActiveCfg = Release|Win32
		{3A0AF47D-665C-4861-AE54-1165429D7CC2}.Release|x64.ActiveCfg = Release|x64
		{3A0AF47D-665C-4861-AE54-1165429D7CC2}.Release|x64.Build.0 = Release|x64
		{3A0AF47D-665C-4861-AE54-1165429D7CC2}.Release|x86.ActiveCfg = Release|Win32
		{3A0AF47D-665C-4861-AE54-1165429D7CC2}.Release|x86.Build.0 = Release|Win32
		{34CDE452-8573-49C5-A930-86B5545BAA0F}.Debug|Any CPU.ActiveCfg = Debug|Win32
		{34CDE452-8573-49C5-A930-86B5545BAA0F}.Debug|x64.ActiveCfg = Debug|x64
		{34CDE452-8573-49C5-A930-86B5545BAA0F}.Debug|x64.Build.0 = Debug|x64
		{34CDE452-8573-49C5-A930-86B5545BAA0F}.Debug|x86.ActiveCfg = Debug|Win32
		{34CDE452-8573-49C5-A930-86B5545BAA0F}.Debug|x86.Build.0 = Debug|Win32
		{34CDE452-8573-49C5-A930-86B5545BAA0F}.Release|Any CPU.ActiveCfg = Release|Win32
		{34CDE452-8573-49C5-A930-86B5545BAA0F}.Release|x64.ActiveCfg = Release|x64
		{34CDE452-8573-49C5-A930-86B5545BAA0F}.Release|x64.Build.0 = Release|x64
		{34CDE452-8573-49C5-A930-86B5545BAA0F}.Release|x86.ActiveCfg = Release|Win32
		{34CDE452-8573-49C5-A930-86B5545BAA0F}.Release|x86.Build.0 = Release|Win32
		{A93DCBBD-7DFC-4E4C-B568-F9AC89E8026E}.Debug|Any CPU.ActiveCfg = Debug|Win32
		{A93DCBBD-7DFC-4E4C-B568-F9AC89E8026E}.Debug|x64.ActiveCfg = Debug|x64
		{A93DCBBD-7DFC-4E4C-B568-F9AC89E8026E}.Debug|x64.Build.0 = Debug|x64
		{A93DCBBD-7DFC-4E4C-B568-F9AC89E8026E}.Debug|x86.ActiveCfg = Debug|Win32
		{A93DCBBD-7DFC-4E4C-B568-F9AC89E8026E}.Debug|x86.Build.0 = Debug|Win32
		{A93DCBBD-7DFC-4E4C-B568-F9AC89E8026E}.Release|Any CPU.ActiveCfg = Release|Win32
		{A93DCBBD-7DFC-4E4C-B568-F9AC89E8026E}.Release|x64.ActiveCfg = Release|x64
		{A93DCBBD-7DFC-4E4C-B568-F9AC89E8026E}.Release|x64.Build.0 = Release|x64
		{A93DCBBD-7DFC-4E4C-B568-F9AC89E8026E}.Release|x86.ActiveCfg = Release|Win32
		{A93DCBBD-7DFC-4E4C-B568-F9AC89E8026E}.Release|x86.Build.0 = Release|Win32
		{97115968-CDFF-49B6-90EE-64AAE79C3AC5}.Debug|Any CPU.ActiveCfg = Debug|Win32
		{97115968-CDFF-49B6-90EE-64AAE79C3AC5}.Debug|x64.ActiveCfg = Debug|x64
		{97115968-CDFF-49B6-90EE-64AAE79C3AC5}.Debug|x64.Build.0 = Debug|x64
		{97115968-CDFF-49B6-90EE-64AAE79C3AC5}.Debug|x86.ActiveCfg = Debug|Win32
		{97115968-CDFF-49B6-90EE-64AAE79C3AC5}.Debug|x86.Build.0 = Debug|Win32
		{97115968-CDFF-49B6-90EE-64AAE79C3AC5}.Release|Any CPU.ActiveCfg = Release|Win32
		{97115968-CDFF-49B6-90EE-64AAE79C3AC5}.Release|x64.ActiveCfg = Release|x64
		{97115968-CDFF-49B6-90EE-64AAE79C3AC5}.Release|x64.Build.0 = Release|x64
		{97115968-CDFF-49B6-90EE-64AAE79C3AC5}.Release|x86.ActiveCfg = Release|Win32
		{97115968-CDFF-49B6-90EE-64AAE79C3AC5}.Release|x86.Build.0 = Release|Win32
		{5777FF4B-6108-4B6A-B1BF-F6D6017B95DD}.Debug|Any CPU.ActiveCfg = Debug|Win32
		{5777FF4B-6108-4B6A-B1BF-F6D6017B95DD}.Debug|x64.ActiveCfg = Debug|x64
		{5777FF4B-6108-4B6A-B1BF-F6D6017B95DD}.Debug|x64.Build.0 = Debug|x64
		{5777FF4B-6108-4B6A-B1BF-F6D6017B95DD}.Debug|x86.ActiveCfg = Debug|Win32
		{5777FF4B-6108-4B6A-B1BF-F6D6017B95DD}.Debug|x86.Build.0 = Debug|Win32
		{5777FF4B-6108-4B6A-B1BF-F6D6017B95DD}.Release|Any CPU.ActiveCfg = Release|Win32
		{5777FF4B-6108-4B6A-B1BF-F6D6017B95DD}.Release|x64.ActiveCfg = Release|x64
		{5777FF4B-6108-4B6A-B1BF-F6D6017B95DD}.Release|x64.Build.0 = Release|x64
		{5777FF4B-6108-4B6A-B1BF-F6D6017B95DD}.Release|x86.ActiveCfg = Release|Win32
		{5777FF4B-6108-4B6A-B1BF-F6D6017B95DD}.Release|x86.Build.0 = Release|Win32
		{B3C65EE1-286A-494E-910C-B5C4DBE915FD}.Debug|Any CPU.ActiveCfg = Debug|Win32
		{B3C65EE1-286A-494E-910C-B5C4DBE915FD}.Debug|x64.ActiveCfg = Debug|x64
		{B3C65EE1-286A-494E-910C-B5C4DBE915FD}.Debug|x64.Build.0 = Debug|x64
		{B3C65EE1-286A-494E-910C-B5C4DBE915FD}.Debug|x86.ActiveCfg = Debug|Win32
		{B3C65EE1-286A-494E-910C-B5C4DBE915FD}.Debug|x86.Build.0 = Debug|Win32
		{B3C65EE1-286A-494E-910C-B5C4DBE915FD}.Release|Any CPU.ActiveCfg = Release|Win32
		{B3C65EE1-286A-494E-910C-B5C4DBE915FD}.Release|x64.ActiveCfg = Release|x64
		{B3C65EE1-286A-494E-910C-B5C4DBE915FD}.Release|x64.Build.0 = Release|x64
		{B3C65EE1-286A-494E-910C-B5C4DBE915FD}.Release|x86.ActiveCfg = Release|Win32
		{B3C65EE1-286A-494E-910C-B5C4DBE915FD}.Release|x86.Build.0 = Release|Win32
		{BA64B212-1DB8-42FE-9DFA-BE83D626EE00}.Debug|Any CPU.ActiveCfg = Debug|Win32
		{BA64B212-1DB8-42FE-9DFA-BE83D626EE00}.Debug|x64.ActiveCfg = Debug|x64
		{BA64B212-1DB8-42FE-9DFA-BE83D626EE00}.Debug|x64.Build.0 = Debug|x64
		{BA64B212-1DB8-42FE-9DFA-BE83D626EE00}.Debug|x86.ActiveCfg = Debug|Win32
		{BA64B212-1DB8-42FE-9DFA-BE83D626EE00}.Debug|x86.Build.0 = Debug|Win32
		{BA64B212-1DB8-42FE-9DFA-BE83D626EE00}.Release|Any CPU.ActiveCfg = Release|Win32
		{BA64B212-1DB8-42FE-9DFA-BE83D626EE00}.Release|x64.ActiveCfg = Release|x64
		{BA64B212-1DB8-42FE-9DFA-BE83D626EE00}.Release|x64.Build.0 = Release|x64
		{BA64B212-1DB8-42FE-9DFA-BE83D626EE00}.Release|x86.ActiveCfg = Release|Win32
		{BA64B212-1DB8-42FE-9DFA-BE83D626EE00}.Release|x86.Build.0 = Release|Win32
		{BC6C0231-87B4-4D6F-BC90-3520C4D4D8D0}.Debug|Any CPU.ActiveCfg = Debug|Win32
		{BC6C0231-87B4-4D6F-BC90-3520C4D4D8D0}.Debug|x64.ActiveCfg = Debug|x64
		{BC6C0231-87B4-4D6F-BC90-3520C4D4D8D0}.Debug|x64.Build.0 = Debug|x64
		{BC6C0231-87B4-4D6F-BC90-3520C4D4D8D0}.Debug|x86.ActiveCfg = Debug|Win32
		{BC6C0231-87B4-4D6F-BC90-3520C4D4D8D0}.Debug|x86.Build.0 = Debug|Win32
		{BC6C0231-87B4-4D6F-BC90-3520C4D4D8D0}.Release|Any CPU.ActiveCfg = Release|Win32
		{BC6C0231-87B4-4D6F-BC90-3520C4D4D8D0}.Release|x64.ActiveCfg = Release|x64
		{BC6C0231-87B4-4D6F-BC90-3520C4D4D8D0}.Release|x64.Build.0 = Release|x64
		{BC6C0231-87B4-4D6F-BC90-3520C4D4D8D0}.Release|x86.ActiveCfg = Release|Win32
		{BC6C0231-87B4-4D6F-BC90-3520C4D4D8D0}.Release|x86.Build.0 = Release|Win32
		{16007F55-6D81-46E4-A97D-4118F383D623}.Debug|Any CPU.ActiveCfg = Debug|Win32
		{16007F55-6D81-46E4-A97D-4118F383D623}.Debug|x64.ActiveCfg = Debug|x64
		{16007F55-6D81-46E4-A97D-4118F383D623}.Debug|x64.Build.0 = Debug|x64
		{16007F55-6D81-46E4-A97D-4118F383D623}.Debug|x86.ActiveCfg = Debug|Win32
		{16007F55-6D81-46E4-A97D-4118F383D623}.Debug|x86.Build.0 = Debug|Win32
		{16007F55-6D81-46E4-A97D-4118F383D623}.Release|Any CPU.ActiveCfg = Release|Win32
		{16007F55-6D81-46E4-A97D-4118F383D623}.Release|x64.ActiveCfg = Release|x64
		{16007F55-6D81-46E4-A97D-4118F383D623}.Release|x64.Build.0 = Release|x64
		{16007F55-6D81-46E4-A97D-4118F383D623}.Release|x86.ActiveCfg = Release|Win32
		{16007F55-6D81-46E4-A97D-4118F383D623}.Release|x86.Build.0 = Release|Win32
		{5EF15660-F180-4933-8912-364EDDF13465}.Debug|Any CPU.ActiveCfg = Debug|Win32
		{5EF15660-F180-4933-8912-364EDDF13465}.Debug|x64.ActiveCfg = Debug|x64
		{5EF15660-F180-4933-8912-364EDDF13465}.Debug|x64.Build.0 = Debug|x64
		{5EF15660-F180-4933-8912-364EDDF13465}.Debug|x86.ActiveCfg = Debug|Win32
		{5EF15660-F180-4933-8912-364EDDF13465}.Debug|x86.Build.0 = Debug|Win32
		{5EF15660-F180-4933-8912-364EDDF13465}.Release|Any CPU.ActiveCfg = Release|Win32
		{5EF15660-F180-4933-8912-364EDDF13465}.Release|x64.ActiveCfg = Release|x64
		{5EF15660-F180-4933-8912-364EDDF13465}.Release|x64.Build.0 = Release|x64
		{5EF15660-F180-4933-8912-364EDDF13465}.Release|x86.ActiveCfg = Release|Win32
		{5EF15660-F180-4933-8912-364EDDF13465}.Release|x86.Build.0 = Release|Win32
		{A08DED17-4796-480F-B80B-7AA5F2033AB3}.Debug|Any CPU.ActiveCfg = Debug|Win32
		{A08DED17-4796-480F-B80B-7AA5F2033AB3}.Debug|x64.ActiveCfg = Debug|x64
		{A08DED17-4796-480F-B80B-7AA5F2033AB3}.Debug|x64.Build.0 = Debug|x64
		{A08DED17-4796-480F-B80B-7AA5F2033AB3}.Debug|x86.ActiveCfg = Debug|Win32
		{A08DED17-4796-480F-B80B-7AA5F2033AB3}.Debug|x86.Build.0 = Debug|Win32
		{A08DED17-4796-480F-B80B-7AA5F2033AB3}.Release|Any CPU.ActiveCfg = Release|Win32
		{A08DED17-4796-480F-B80B-7AA5F2033AB3}.Release|x64.ActiveCfg = Release|x64
		{A08DED17-4796-480F-B80B-7AA5F2033AB3}.Release|x64.Build.0 = Release|x64
		{A08DED17-4796-480F-B80B-7AA5F2033AB3}.Release|x86.ActiveCfg = Release|Win32
		{A08DED17-4796-480F-B80B-7AA5F2033AB3}.Release|x86.Build.0 = Release|Win32
		{043395E8-60A6-436D-A49F-1810E614945E}.Debug|Any CPU.ActiveCfg = Debug|Win32
		{043395E8-60A6-436D-A49F-1810E614945E}.Debug|x64.ActiveCfg = Debug|x64
		{043395E8-60A6-436D-A49F-1810E614945E}.Debug|x64.Build.0 = Debug|x64
		{043395E8-60A6-436D-A49F-1810E614945E}.Debug|x86.ActiveCfg = Debug|Win32
		{043395E8-60A6-436D-A49F-1810E614945E}.Debug|x86.Build.0 = Debug|Win32
		{043395E8-60A6-436D-A49F-1810E614945E}.Release|Any CPU.ActiveCfg = Release|Win32
		{043395E8-60A6-436D-A49F-1810E614945E}.Release|x64.ActiveCfg = Release|x64
		{043395E8-60A6-436D-A49F-1810E614945E}.Release|x64.Build.0 = Release|x64
		{043395E8-60A6-436D-A49F-1810E614945E}.Release|x86.ActiveCfg = Release|Win32
		{043395E8-60A6-436D-A49F-1810E614945E}.Release|x86.Build.0 = Release|Win32
		{0C32D753-D6C7-43DA-B499-B58CDB95E1C8}.Debug|Any CPU.ActiveCfg = Debug|Win32
		{0C32D753-D6C7-43DA-B499-B58CDB95E1C8}.Debug|x64.ActiveCfg = Debug|x64
		{0C32D753-D6C7-43DA-B499-B58CDB95E1C8}.Debug|x64.Build.0 = Debug|x64
		{0C32D753-D6C7-43DA-B499-B58CDB95E1C8}.Debug|x86.ActiveCfg = Debug|Win32
		{0C32D753-D6C7-43DA-B499-B58CDB95E1C8}.Debug|x86.Build.0 = Debug|Win32
		{0C32D753-D6C7-43DA-B499-B58CDB95E1C8}.Release|Any CPU.ActiveCfg = Release|Win32
		{0C32D753-D6C7-43DA-B499-B58CDB95E1C8}.Release|x64.ActiveCfg = Release|x64
		{0C32D753-D6C7-43DA-B499-B58CDB95E1C8}.Release|x64.Build.0 = Release|x64
		{0C32D753-D6C7-43DA-B499-B58CDB95E1C8}.Release|x86.ActiveCfg = Release|Win32
		{0C32D753-D6C7-43DA-B499-B58CDB95E1C8}.Release|x86.Build.0 = Release|Win32
		{AB5DD370-8A21-4124-AF6B-C38FD0D3DC9D}.Debug|Any CPU.ActiveCfg = Debug|Win32
		{AB5DD370-8A21-4124-AF6B-C38FD0D3DC9D}.Debug|x64.ActiveCfg = Debug|x64
		{AB5DD370-8A21-4124-AF6B-C38FD0D3DC9D}.Debug|x64.Build.0 = Debug|x64
		{AB5DD370-8A21-4124-AF6B-C38FD0D3DC9D}.Debug|x86.ActiveCfg = Debug|Win32
		{AB5DD370-8A21-4124-AF6B-C38FD0D3DC9D}.Debug|x86.Build.0 = Debug|Win32
		{AB5DD370-8A21-4124-AF6B-C38FD0D3DC9D}.Release|Any CPU.ActiveCfg = Release|Win32
		{AB5DD370-8A21-4124-AF6B-C38FD0D3DC9D}.Release|x64.ActiveCfg = Release|x64
		{AB5DD370-8A21-4124-AF6B-C38FD0D3DC9D}.Release|x64.Build.0 = Release|x64
		{AB5DD370-8A21-4124-AF6B-C38FD0D3DC9D}.Release|x86.ActiveCfg = Release|Win32
		{AB5DD370-8A21-4124-AF6B-C38FD0D3DC9D}.Release|x86.Build.0 = Release|Win32
		{B6606312-C24C-4A53-BD8A-4A55FC945285}.Debug|Any CPU.ActiveCfg = Debug|Win32
		{B6606312-C24C-4A53-BD8A-4A55FC945285}.Debug|x64.ActiveCfg = Debug|x64
		{B6606312-C24C-4A53-BD8A-4A55FC945285}.Debug|x64.Build.0 = Debug|x64
		{B6606312-C24C-4A53-BD8A-4A55FC945285}.Debug|x86.ActiveCfg = Debug|Win32
		{B6606312-C24C-4A53-BD8A-4A55FC945285}.Debug|x86.Build.0 = Debug|Win32
		{B6606312-C24C-4A53-BD8A-4A55FC945285}.Release|Any CPU.ActiveCfg = Release|Win32
		{B6606312-C24C-4A53-BD8A-4A55FC945285}.Release|x64.ActiveCfg = Release|x64
		{B6606312-C24C-4A53-BD8A-4A55FC945285}.Release|x64.Build.0 = Release|x64
		{B6606312-C24C-4A53-BD8A-4A55FC945285}.Release|x86.ActiveCfg = Release|Win32
		{B6606312-C24C-4A53-BD8A-4A55FC945285}.Release|x86.Build.0 = Release|Win32
		{AC381A61-EE2C-4B2A-B7BD-46EB3C1A334E}.Debug|Any CPU.ActiveCfg = Debug|Win32
		{AC381A61-EE2C-4B2A-B7BD-46EB3C1A334E}.Debug|x64.ActiveCfg = Debug|x64
		{AC381A61-EE2C-4B2A-B7BD-46EB3C1A334E}.Debug|x64.Build.0 = Debug|x64
		{AC381A61-EE2C-4B2A-B7BD-46EB3C1A334E}.Debug|x86.ActiveCfg = Debug|Win32
		{AC381A61-EE2C-4B2A-B7BD-46EB3C1A334E}.Debug|x86.Build.0 = Debug|Win32
		{AC381A61-EE2C-4B2A-B7BD-46EB3C1A334E}.Release|Any CPU.ActiveCfg = Release|Win32
		{AC381A61-EE2C-4B2A-B7BD-46EB3C1A334E}.Release|x64.ActiveCfg = Release|x64
		{AC381A61-EE2C-4B2A-B7BD-46EB3C1A334E}.Release|x64.Build.0 = Release|x64
		{AC381A61-EE2C-4B2A-B7BD-46EB3C1A334E}.Release|x86.ActiveCfg = Release|Win32
		{AC381A61-EE2C-4B2A-B7BD-46EB3C1A334E}.Release|x86.Build.0 = Release|Win32
		{B21BD3F1-17A4-4AE9-B582-273605638023}.Debug|Any CPU.ActiveCfg = Debug|Win32
		{B21BD3F1-17A4-4AE9-B582-273605638023}.Debug|x64.ActiveCfg = Debug|x64
		{B21BD3F1-17A4-4AE9-B582-273605638023}.Debug|x64.Build.0 = Debug|x64
		{B21BD3F1-17A4-4AE9-B582-273605638023}.Debug|x86.ActiveCfg = Debug|Win32
		{B21BD3F1-17A4-4AE9-B582-273605638023}.Debug|x86.Build.0 = Debug|Win32
		{B21BD3F1-17A4-4AE9-B582-273605638023}.Release|Any CPU.ActiveCfg = Release|Win32
		{B21BD3F1-17A4-4AE9-B582-273605638023}.Release|x64.ActiveCfg = Release|x64
		{B21BD3F1-17A4-4AE9-B582-273605638023}.Release|x64.Build.0 = Release|x64
		{B21BD3F1-17A4-4AE9-B582-273605638023}.Release|x86.ActiveCfg = Release|Win32
		{B21BD3F1-17A4-4AE9-B582-273605638023}.Release|x86.Build.0 = Release|Win32
		{D2621436-5CE0-43DD-A45F-F443D048D7BF}.Debug|Any CPU.ActiveCfg = Debug|Win32
		{D2621436-5CE0-43DD-A45F-F443D048D7BF}.Debug|x64.ActiveCfg = Debug|x64
		{D2621436-5CE0-43DD-A45F-F443D048D7BF}.Debug|x64.Build.0 = Debug|x64
		{D2621436-5CE0-43DD-A45F-F443D048D7BF}.Debug|x86.ActiveCfg = Debug|Win32
		{D2621436-5CE0-43DD-A45F-F443D048D7BF}.Debug|x86.Build.0 = Debug|Win32
		{D2621436-5CE0-43DD-A45F-F443D048D7BF}.Release|Any CPU.ActiveCfg = Release|Win32
		{D2621436-5CE0-43DD-A45F-F443D048D7BF}.Release|x64.ActiveCfg = Release|x64
		{D2621436-5CE0-43DD-A45F-F443D048D7BF}.Release|x64.Build.0 = Release|x64
		{D2621436-5CE0-43DD-A45F-F443D048D7BF}.Release|x86.ActiveCfg = Release|Win32
		{D2621436-5CE0-43DD-A45F-F443D048D7BF}.Release|x86.Build.0 = Release|Win32
		{9B063815-7E45-4BE4-8F3B-F680DAE74178}.Debug|Any CPU.ActiveCfg = Debug|Win32
		{9B063815-7E45-4BE4-8F3B-F680DAE74178}.Debug|x64.ActiveCfg = Debug|x64
		{9B063815-7E45-4BE4-8F3B-F680DAE74178}.Debug|x64.Build.0 = Debug|x64
		{9B063815-7E45-4BE4-8F3B-F680DAE74178}.Debug|x86.ActiveCfg = Debug|Win32
		{9B063815-7E45-4BE4-8F3B-F680DAE74178}.Debug|x86.Build.0 = Debug|Win32
		{9B063815-7E45-4BE4-8F3B-F680DAE74178}.Release|Any CPU.ActiveCfg = Release|Win32
		{9B063815-7E45-4BE4-8F3B-F680DAE74178}.Release|x64.ActiveCfg = Release|x64
		{9B063815-7E45-4BE4-8F3B-F680DAE74178}.Release|x64.Build.0 = Release|x64
		{9B063815-7E45-4BE4-8F3B-F680DAE74178}.Release|x86.ActiveCfg = Release|Win32
		{9B063815-7E45-4BE4-8F3B-F680DAE74178}.Release|x86.Build.0 = Release|Win32
		{DDA69E4F-9F7C-4049-8723-F4D30A768195}.Debug|Any CPU.ActiveCfg = Debug|Win32
		{DDA69E4F-9F7C-4049-8723-F4D30A768195}.Debug|x64.ActiveCfg = Debug|x64
		{DDA69E4F-9F7C-4049-8723-F4D30A768195}.Debug|x64.Build.0 = Debug|x64
		{DDA69E4F-9F7C-4049-8723-F4D30A768195}.Debug|x86.ActiveCfg = Debug|Win32
		{DDA69E4F-9F7C-4049-8723-F4D30A768195}.Debug|x86.Build.0 = Debug|Win32
		{DDA69E4F-9F7C-4049-8723-F4D30A768195}.Release|Any CPU.ActiveCfg = Release|Win32
		{DDA69E4F-9F7C-4049-8723-F4D30A768195}.Release|x64.ActiveCfg = Release|x64
		{DDA69E4F-9F7C-4049-8723-F4D30A768195}.Release|x64.Build.0 = Release|x64
		{DDA69E4F-9F7C-4049-8723-F4D30A768195}.Release|x86.ActiveCfg = Release|Win32
		{DDA69E4F-9F7C-4049-8723-F4D30A768195}.Release|x86.Build.0 = Release|Win32
		{6AAD4360-EC70-449D-91B6-E2767627DBC7}.Debug|Any CPU.ActiveCfg = Debug|Win32
		{6AAD4360-EC70-449D-91B6-E2767627DBC7}.Debug|x64.ActiveCfg = Debug|x64
		{6AAD4360-EC70-449D-91B6-E2767627DBC7}.Debug|x64.Build.0 = Debug|x64
		{6AAD4360-EC70-449D-91B6-E2767627DBC7}.Debug|x86.ActiveCfg = Debug|Win32
		{6AAD4360-EC70-449D-91B6-E2767627DBC7}.Debug|x86.Build.0 = Debug|Win32
		{6AAD4360-EC70-449D-91B6-E2767627DBC7}.Release|Any CPU.ActiveCfg = Release|Win32
		{6AAD4360-EC70-449D-91B6-E2767627DBC7}.Release|x64.ActiveCfg = Release|x64
		{6AAD4360-EC70-449D-91B6-E2767627DBC7}.Release|x64.Build.0 = Release|x64
		{6AAD4360-EC70-449D-91B6-E2767627DBC7}.Release|x86.ActiveCfg = Release|Win32
		{6AAD4360-EC70-449D-91B6-E2767627DBC7}.Release|x86.Build.0 = Release|Win32
		{F04683DE-91E1-4E2A-B2E6-3AE517F5D19C}.Debug|Any CPU.ActiveCfg = Debug|Win32
		{F04683DE-91E1-4E2A-B2E6-3AE517F5D19C}.Debug|x64.ActiveCfg = Debug|x64
		{F04683DE-91E1-4E2A-B2E6-3AE517F5D19C}.Debug|x64.Build.0 = Debug|x64
		{F04683DE-91E1-4E2A-B2E6-3AE517F5D19C}.Debug|x86.ActiveCfg = Debug|Win32
		{F04683DE-91E1-4E2A-B2E6-3AE517F5D19C}.Debug|x86.Build.0 = Debug|Win32
		{F04683DE-91E1-4E2A-B2E6-3AE517F5D19C}.Release|Any CPU.ActiveCfg = Release|Win32
		{F04683DE-91E1-4E2A-B2E6-3AE517F5D19C}.Release|x64.ActiveCfg = Release|x64
		{F04683DE-91E1-4E2A-B2E6-3AE517F5D19C}.Release|x64.Build.0 = Release|x64
		{F04683DE-91E1-4E2A-B2E6-3AE517F5D19C}.Release|x86.ActiveCfg = Release|Win32
		{F04683DE-91E1-4E2A-B2E6-3AE517F5D19C}.Release|x86.Build.0 = Release|Win32
		{9B6EEEB5-3AD9-4777-B137-AF4DA9955D25}.Debug|Any CPU.ActiveCfg = Debug|Win32
		{9B6EEEB5-3AD9-4777-B137-AF4DA9955D25}.Debug|x64.ActiveCfg = Debug|x64
		{9B6EEEB5-3AD9-4777-B137-AF4DA9955D25}.Debug|x64.Build.0 = Debug|x64
		{9B6EEEB5-3AD9-4777-B137-AF4DA9955D25}.Debug|x86.ActiveCfg = Debug|Win32
		{9B6EEEB5-3AD9-4777-B137-AF4DA9955D25}.Debug|x86.Build.0 = Debug|Win32
		{9B6EEEB5-3AD9-4777-B137-AF4DA9955D25}.Release|Any CPU.ActiveCfg = Release|Win32
		{9B6EEEB5-3AD9-4777-B137-AF4DA9955D25}.Release|x64.ActiveCfg = Release|x64
		{9B6EEEB5-3AD9-4777-B137-AF4DA9955D25}.Release|x64.Build.0 = Release|x64
		{9B6EEEB5-3AD9-4777-B137-AF4DA9955D25}.Release|x86.ActiveCfg = Release|Win32
		{9B6EEEB5-3AD9-4777-B137-AF4DA9955D25}.Release|x86.Build.0 = Release|Win32
		{79F3175F-5D13-438A-B92A-D87A326F096E}.Debug|Any CPU.ActiveCfg = Debug|Win32
		{79F3175F-5D13-438A-B92A-D87A326F096E}.Debug|x64.ActiveCfg = Debug|x64
		{79F3175F-5D13-438A-B92A-D87A326F096E}.Debug|x64.Build.0 = Debug|x64
		{79F3175F-5D13-438A-B92A-D87A326F096E}.Debug|x86.ActiveCfg = Debug|Win32
		{79F3175F-5D13-438A-B92A-D87A326F096E}.Debug|x86.Build.0 = Debug|Win32
		{79F3175F-5D13-438A-B92A-D87A326F096E}.Release|Any CPU.ActiveCfg = Release|Win32
		{79F3175F-5D13-438A-B92A-D87A326F096E}.Release|x64.ActiveCfg = Release|x64
		{79F3175F-5D13-438A-B92A-D87A326F096E}.Release|x64.Build.0 = Release|x64
		{79F3175F-5D13-438A-B92A-D87A326F096E}.Release|x86.ActiveCfg = Release|Win32
		{79F3175F-5D13-438A-B92A-D87A326F096E}.Release|x86.Build.0 = Release|Win32
		{79E99B60-7DAA-4E99-8D18-9BD30E578ABB}.Debug|Any CPU.ActiveCfg = Debug|Win32
		{79E99B60-7DAA-4E99-8D18-9BD30E578ABB}.Debug|x64.ActiveCfg = Debug|x64
		{79E99B60-7DAA-4E99-8D18-9BD30E578ABB}.Debug|x64.Build.0 = Debug|x64
		{79E99B60-7DAA-4E99-8D18-9BD30E578ABB}.Debug|x86.ActiveCfg = Debug|Win32
		{79E99B60-7DAA-4E99-8D18-9BD30E578ABB}.Debug|x86.Build.0 = Debug|Win32
		{79E99B60-7DAA-4E99-8D18-9BD30E578ABB}.Release|Any CPU.ActiveCfg = Release|Win32
		{79E99B60-7DAA-4E99-8D18-9BD30E578ABB}.Release|x64.ActiveCfg = Release|x64
		{79E99B60-7DAA-4E99-8D18-9BD30E578ABB}.Release|x64.Build.0 = Release|x64
		{79E99B60-7DAA-4E99-8D18-9BD30E578ABB}.Release|x86.ActiveCfg = Release|Win32
		{79E99B60-7DAA-4E99-8D18-9BD30E578ABB}.Release|x86.Build.0 = Release|Win32
		{FFEA7D55-D027-4B2B-A91B-DDCF9812245E}.Debug|Any CPU.ActiveCfg = Debug|Win32
		{FFEA7D55-D027-4B2B-A91B-DDCF9812245E}.Debug|x64.ActiveCfg = Debug|x64
		{FFEA7D55-D027-4B2B-A91B-DDCF9812245E}.Debug|x64.Build.0 = Debug|x64
		{FFEA7D55-D027-4B2B-A91B-DDCF9812245E}.Debug|x86.ActiveCfg = Debug|Win32
		{FFEA7D55-D027-4B2B-A91B-DDCF9812245E}.Debug|x86.Build.0 = Debug|Win32
		{FFEA7D55-D027-4B2B-A91B-DDCF9812245E}.Release|Any CPU.ActiveCfg = Release|Win32
		{FFEA7D55-D027-4B2B-A91B-DDCF9812245E}.Release|x64.ActiveCfg = Release|x64
		{FFEA7D55-D027-4B2B-A91B-DDCF9812245E}.Release|x64.Build.0 = Release|x64
		{FFEA7D55-D027-4B2B-A91B-DDCF9812245E}.Release|x86.ActiveCfg = Release|Win32
		{FFEA7D55-D027-4B2B-A91B-DDCF9812245E}.Release|x86.Build.0 = Release|Win32
		{EAEB7594-E76F-4E6F-93A1-E170935E9D77}.Debug|Any CPU.ActiveCfg = Debug|Win32
		{EAEB7594-E76F-4E6F-93A1-E170935E9D77}.Debug|x64.ActiveCfg = Debug|x64
		{EAEB7594-E76F-4E6F-93A1-E170935E9D77}.Debug|x64.Build.0 = Debug|x64
		{EAEB7594-E76F-4E6F-93A1-E170935E9D77}.Debug|x86.ActiveCfg = Debug|Win32
		{EAEB7594-E76F-4E6F-93A1-E170935E9D77}.Debug|x86.Build.0 = Debug|Win32
		{EAEB7594-E76F-4E6F-93A1-E170935E9D77}.Release|Any CPU.ActiveCfg = Release|Win32
		{EAEB7594-E76F-4E6F-93A1-E170935E9D77}.Release|x64.ActiveCfg = Release|x64
		{EAEB7594-E76F-4E6F-93A1-E170935E9D77}.Release|x64.Build.0 = Release|x64
		{EAEB7594-E76F-4E6F-93A1-E170935E9D77}.Release|x86.ActiveCfg = Release|Win32
		{EAEB7594-E76F-4E6F-93A1-E170935E9D77}.Release|x86.Build.0 = Release|Win32
		{C7CD9508-389E-45C0-BA9A-17739EFF0E20}.Debug|Any CPU.ActiveCfg = Debug|Win32
		{C7CD9508-389E-45C0-BA9A-17739EFF0E20}.Debug|x64.ActiveCfg = Debug|x64
		{C7CD9508-389E-45C0-BA9A-17739EFF0E20}.Debug|x64.Build.0 = Debug|x64
		{C7CD9508-389E-45C0-BA9A-17739EFF0E20}.Debug|x86.ActiveCfg = Debug|Win32
		{C7CD9508-389E-45C0-BA9A-17739EFF0E20}.Debug|x86.Build.0 = Debug|Win32
		{C7CD9508-389E-45C0-BA9A-17739EFF0E20}.Release|Any CPU.ActiveCfg = Release|Win32
		{C7CD9508-389E-45C0-BA9A-17739EFF0E20}.Release|x64.ActiveCfg = Release|x64
		{C7CD9508-389E-45C0-BA9A-17739EFF0E20}.Release|x64.Build.0 = Release|x64
		{C7CD9508-389E-45C0-BA9A-17739EFF0E20}.Release|x86.ActiveCfg = Release|Win32
		{C7CD9508-389E-45C0-BA9A-17739EFF0E20}.Release|x86.Build.0 = Release|Win32
		{5C4EC054-C2C8-4A0E-B199-427DC1EB3A50}.Debug|Any CPU.ActiveCfg = Debug|Win32
		{5C4EC054-C2C8-4A0E-B199-427DC1EB3A50}.Debug|x64.ActiveCfg = Debug|x64
		{5C4EC054-C2C8-4A0E-B199-427DC1EB3A50}.Debug|x64.Build.0 = Debug|x64
		{5C4EC054-C2C8-4A0E-B199-427DC1EB3A50}.Debug|x86.ActiveCfg = Debug|Win32
		{5C4EC054-C2C8-4A0E-B199-427DC1EB3A50}.Debug|x86.Build.0 = Debug|Win32
		{5C4EC054-C2C8-4A0E-B199-427DC1EB3A50}.Release|Any CPU.ActiveCfg = Release|Win32
		{5C4EC054-C2C8-4A0E-B199-427DC1EB3A50}.Release|x64.ActiveCfg = Release|x64
		{5C4EC054-C2C8-4A0E-B199-427DC1EB3A50}.Release|x64.Build.0 = Release|x64
		{5C4EC054-C2C8-4A0E-B199-427DC1EB3A50}.Release|x86.ActiveCfg = Release|Win32
		{5C4EC054-C2C8-4A0E-B199-427DC1EB3A50}.Release|x86.Build.0 = Release|Win32
		{F8473F24-59D2-481F-8BF6-237400539311}.Debug|Any CPU.ActiveCfg = Debug|Win32
		{F8473F24-59D2-481F-8BF6-237400539311}.Debug|x64.ActiveCfg = Debug|x64
		{F8473F24-59D2-481F-8BF6-237400539311}.Debug|x64.Build.0 = Debug|x64
		{F8473F24-59D2-481F-8BF6-237400539311}.Debug|x86.ActiveCfg = Debug|Win32
		{F8473F24-59D2-481F-8BF6-237400539311}.Debug|x86.Build.0 = Debug|Win32
		{F8473F24-59D2-481F-8BF6-237400539311}.Release|Any CPU.ActiveCfg = Release|Win32
		{F8473F24-59D2-481F-8BF6-237400539311}.Release|x64.ActiveCfg = Release|x64
		{F8473F24-59D2-481F-8BF6-237400539311}.Release|x64.Build.0 = Release|x64
		{F8473F24-59D2-481F-8BF6-237400539311}.Release|x86.ActiveCfg = Release|Win32
		{F8473F24-59D2-481F-8BF6-237400539311}.Release|x86.Build.0 = Release|Win32
		{2DE8D3D1-4E1E-4E3E-9600-B3DDF91D22D6}.Debug|Any CPU.ActiveCfg = Debug|Win32
		{2DE8D3D1-4E1E-4E3E-9600-B3DDF91D22D6}.Debug|x64.ActiveCfg = Debug|x64
		{2DE8D3D1-4E1E-4E3E-9600-B3DDF91D22D6}.Debug|x64.Build.0 = Debug|x64
		{2DE8D3D1-4E1E-4E3E-9600-B3DDF91D22D6}.Debug|x86.ActiveCfg = Debug|Win32
		{2DE8D3D1-4E1E-4E3E-9600-B3DDF91D22D6}.Debug|x86.Build.0 = Debug|Win32
		{2DE8D3D1-4E1E-4E3E-9600-B3DDF91D22D6}.Release|Any CPU.ActiveCfg = Release|Win32
		{2DE8D3D1-4E1E-4E3E-9600-B3DDF91D22D6}.Release|x64.ActiveCfg = Release|x64
		{2DE8D3D1-4E1E-4E3E-9600-B3DDF91D22D6}.Release|x64.Build.0 = Release|x64
		{2DE8D3D1-4E1E-4E3E-9600-B3DDF91D22D6}.Release|x86.ActiveCfg = Release|Win32
		{2DE8D3D1-4E1E-4E3E-9600-B3DDF91D22D6}.Release|x86.Build.0 = Release|Win32
		{658B11C7-8AE5-4BCA-A152-B058D99D357E}.Debug|Any CPU.ActiveCfg = Debug|Win32
		{658B11C7-8AE5-4BCA-A152-B058D99D357E}.Debug|x64.ActiveCfg = Debug|x64
		{658B11C7-8AE5-4BCA-A152-B058D99D357E}.Debug|x64.Build.0 = Debug|x64
		{658B11C7-8AE5-4BCA-A152-B058D99D357E}.Debug|x86.ActiveCfg = Debug|Win32
		{658B11C7-8AE5-4BCA-A152-B058D99D357E}.Debug|x86.Build.0 = Debug|Win32
		{658B11C7-8AE5-4BCA-A152-B058D99D357E}.Release|Any CPU.ActiveCfg = Release|Win32
		{658B11C7-8AE5-4BCA-A152-B058D99D357E}.Release|x64.ActiveCfg = Release|x64
		{658B11C7-8AE5-4BCA-A152-B058D99D357E}.Release|x64.Build.0 = Release|x64
		{658B11C7-8AE5-4BCA-A152-B058D99D357E}.Release|x86.ActiveCfg = Release|Win32
		{658B11C7-8AE5-4BCA-A152-B058D99D357E}.Release|x86.Build.0 = Release|Win32
		{0DEB0927-DE8F-4ED9-9726-17F2E7A82279}.Debug|Any CPU.ActiveCfg = Debug|Win32
		{0DEB0927-DE8F-4ED9-9726-17F2E7A82279}.Debug|x64.ActiveCfg = Debug|x64
		{0DEB0927-DE8F-4ED9-9726-17F2E7A82279}.Debug|x64.Build.0 = Debug|x64
		{0DEB0927-DE8F-4ED9-9726-17F2E7A82279}.Debug|x86.ActiveCfg = Debug|Win32
		{0DEB0927-DE8F-4ED9-9726-17F2E7A82279}.Debug|x86.Build.0 = Debug|Win32
		{0DEB0927-DE8F-4ED9-9726-17F2E7A82279}.Release|Any CPU.ActiveCfg = Release|Win32
		{0DEB0927-DE8F-4ED9-9726-17F2E7A82279}.Release|x64.ActiveCfg = Release|x64
		{0DEB0927-DE8F-4ED9-9726-17F2E7A82279}.Release|x64.Build.0 = Release|x64
		{0DEB0927-DE8F-4ED9-9726-17F2E7A82279}.Release|x86.ActiveCfg = Release|Win32
		{0DEB0927-DE8F-4ED9-9726-17F2E7A82279}.Release|x86.Build.0 = Release|Win32
		{7E7615A4-2869-47D4-B428-66AAE93613C8}.Debug|Any CPU.ActiveCfg = Debug|Win32
		{7E7615A4-2869-47D4-B428-66AAE93613C8}.Debug|x64.ActiveCfg = Debug|x64
		{7E7615A4-2869-47D4-B428-66AAE93613C8}.Debug|x64.Build.0 = Debug|x64
		{7E7615A4-2869-47D4-B428-66AAE93613C8}.Debug|x86.ActiveCfg = Debug|Win32
		{7E7615A4-2869-47D4-B428-66AAE93613C8}.Debug|x86.Build.0 = Debug|Win32
		{7E7615A4-2869-47D4-B428-66AAE93613C8}.Release|Any CPU.ActiveCfg = Release|Win32
		{7E7615A4-2869-47D4-B428-66AAE93613C8}.Release|x64.ActiveCfg = Release|x64
		{7E7615A4-2869-47D4-B428-66AAE93613C8}.Release|x64.Build.0 = Release|x64
		{7E7615A4-2869-47D4-B428-66AAE93613C8}.Release|x86.ActiveCfg = Release|Win32
		{7E7615A4-2869-47D4-B428-66AAE93613C8}.Release|x86.Build.0 = Release|Win32
		{A4ACFAFA-E588-46E9-B9C1-BEA77AD7D850}.Debug|Any CPU.ActiveCfg = Debug|Win32
		{A4ACFAFA-E588-46E9-B9C1-BEA77AD7D850}.Debug|x64.ActiveCfg = Debug|x64
		{A4ACFAFA-E588-46E9-B9C1-BEA77AD7D850}.Debug|x64.Build.0 = Debug|x64
		{A4ACFAFA-E588-46E9-B9C1-BEA77AD7D850}.Debug|x86.ActiveCfg = Debug|Win32
		{A4ACFAFA-E588-46E9-B9C1-BEA77AD7D850}.Debug|x86.Build.0 = Debug|Win32
		{A4ACFAFA-E588-46E9-B9C1-BEA77AD7D850}.Release|Any CPU.ActiveCfg = Release|Win32
		{A4ACFAFA-E588-46E9-B9C1-BEA77AD7D850}.Release|x64.ActiveCfg = Release|x64
		{A4ACFAFA-E588-46E9-B9C1-BEA77AD7D850}.Release|x64.Build.0 = Release|x64
		{A4ACFAFA-E588-46E9-B9C1-BEA77AD7D850}.Release|x86.ActiveCfg = Release|Win32
		{A4ACFAFA-E588-46E9-B9C1-BEA77AD7D850}.Release|x86.Build.0 = Release|Win32
		{FC190947-1B2F-4B7E-8DEA-8973DDD8FF36}.Debug|Any CPU.ActiveCfg = Debug|Win32
		{FC190947-1B2F-4B7E-8DEA-8973DDD8FF36}.Debug|x64.ActiveCfg = Debug|x64
		{FC190947-1B2F-4B7E-8DEA-8973DDD8FF36}.Debug|x64.Build.0 = Debug|x64
		{FC190947-1B2F-4B7E-8DEA-8973DDD8FF36}.Debug|x86.ActiveCfg = Debug|Win32
		{FC190947-1B2F-4B7E-8DEA-8973DDD8FF36}.Debug|x86.Build.0 = Debug|Win32
		{FC190947-1B2F-4B7E-8DEA-8973DDD8FF36}.Release|Any CPU.ActiveCfg = Release|Win32
		{FC190947-1B2F-4B7E-8DEA-8973DDD8FF36}.Release|x64.ActiveCfg = Release|x64
		{FC190947-1B2F-4B7E-8DEA-8973DDD8FF36}.Release|x64.Build.0 = Release|x64
		{FC190947-1B2F-4B7E-8DEA-8973DDD8FF36}.Release|x86.ActiveCfg = Release|Win32
		{FC190947-1B2F-4B7E-8DEA-8973DDD8FF36}.Release|x86.Build.0 = Release|Win32
		{39D3D634-47B0-4514-BC06-83FF057BC25B}.Debug|Any CPU.ActiveCfg = Debug|Win32
		{39D3D634-47B0-4514-BC06-83FF057BC25B}.Debug|x64.ActiveCfg = Debug|x64
		{39D3D634-47B0-4514-BC06-83FF057BC25B}.Debug|x64.Build.0 = Debug|x64
		{39D3D634-47B0-4514-BC06-83FF057BC25B}.Debug|x86.ActiveCfg = Debug|Win32
		{39D3D634-47B0-4514-BC06-83FF057BC25B}.Debug|x86.Build.0 = Debug|Win32
		{39D3D634-47B0-4514-BC06-83FF057BC25B}.Release|Any CPU.ActiveCfg = Release|Win32
		{39D3D634-47B0-4514-BC06-83FF057BC25B}.Release|x64.ActiveCfg = Release|x64
		{39D3D634-47B0-4514-BC06-83FF057BC25B}.Release|x64.Build.0 = Release|x64
		{39D3D634-47B0-4514-BC06-83FF057BC25B}.Release|x86.ActiveCfg = Release|Win32
		{39D3D634-47B0-4514-BC06-83FF057BC25B}.Release|x86.Build.0 = Release|Win32
		{65B7E080-A923-46FF-B7C9-A2E9219E2401}.Debug|Any CPU.ActiveCfg = Debug|Win32
		{65B7E080-A923-46FF-B7C9-A2E9219E2401}.Debug|x64.ActiveCfg = Debug|x64
		{65B7E080-A923-46FF-B7C9-A2E9219E2401}.Debug|x64.Build.0 = Debug|x64
		{65B7E080-A923-46FF-B7C9-A2E9219E2401}.Debug|x86.ActiveCfg = Debug|Win32
		{65B7E080-A923-46FF-B7C9-A2E9219E2401}.Debug|x86.Build.0 = Debug|Win32
		{65B7E080-A923-46FF-B7C9-A2E9219E2401}.Release|Any CPU.ActiveCfg = Release|Win32
		{65B7E080-A923-46FF-B7C9-A2E9219E2401}.Release|x64.ActiveCfg = Release|x64
		{65B7E080-A923-46FF-B7C9-A2E9219E2401}.Release|x64.Build.0 = Release|x64
		{65B7E080-A923-46FF-B7C9-A2E9219E2401}.Release|x86.ActiveCfg = Release|Win32
		{65B7E080-A923-46FF-B7C9-A2E9219E2401}.Release|x86.Build.0 = Release|Win32
		{E4CE2BA7-7E01-4871-95A7-EF7CC4CB17BC}.Debug|Any CPU.ActiveCfg = Debug|Win32
		{E4CE2BA7-7E01-4871-95A7-EF7CC4CB17BC}.Debug|x64.ActiveCfg = Debug|x64
		{E4CE2BA7-7E01-4871-95A7-EF7CC4CB17BC}.Debug|x64.Build.0 = Debug|x64
		{E4CE2BA7-7E01-4871-95A7-EF7CC4CB17BC}.Debug|x86.ActiveCfg = Debug|Win32
		{E4CE2BA7-7E01-4871-95A7-EF7CC4CB17BC}.Debug|x86.Build.0 = Debug|Win32
		{E4CE2BA7-7E01-4871-95A7-EF7CC4CB17BC}.Release|Any CPU.ActiveCfg = Release|Win32
		{E4CE2BA7-7E01-4871-95A7-EF7CC4CB17BC}.Release|x64.ActiveCfg = Release|x64
		{E4CE2BA7-7E01-4871-95A7-EF7CC4CB17BC}.Release|x64.Build.0 = Release|x64
		{E4CE2BA7-7E01-4871-95A7-EF7CC4CB17BC}.Release|x86.ActiveCfg = Release|Win32
		{E4CE2BA7-7E01-4871-95A7-EF7CC4CB17BC}.Release|x86.Build.0 = Release|Win32
		{45948A0B-0E7A-46F2-B10D-24F128942BB2}.Debug|Any CPU.ActiveCfg = Debug|Win32
		{45948A0B-0E7A-46F2-B10D-24F128942BB2}.Debug|x64.ActiveCfg = Debug|x64
		{45948A0B-0E7A-46F2-B10D-24F128942BB2}.Debug|x64.Build.0 = Debug|x64
		{45948A0B-0E7A-46F2-B10D-24F128942BB2}.Debug|x86.ActiveCfg = Debug|Win32
		{45948A0B-0E7A-46F2-B10D-24F128942BB2}.Debug|x86.Build.0 = Debug|Win32
		{45948A0B-0E7A-46F2-B10D-24F128942BB2}.Release|Any CPU.ActiveCfg = Release|Win32
		{45948A0B-0E7A-46F2-B10D-24F128942BB2}.Release|x64.ActiveCfg = Release|x64
		{45948A0B-0E7A-46F2-B10D-24F128942BB2}.Release|x64.Build.0 = Release|x64
		{45948A0B-0E7A-46F2-B10D-24F128942BB2}.Release|x86.ActiveCfg = Release|Win32
		{45948A0B-0E7A-46F2-B10D-24F128942BB2}.Release|x86.Build.0 = Release|Win32
		{5D0820A5-D094-42BA-AC0B-D31945B08DB4}.Debug|Any CPU.ActiveCfg = Debug|Win32
		{5D0820A5-D094-42BA-AC0B-D31945B08DB4}.Debug|x64.ActiveCfg = Debug|x64
		{5D0820A5-D094-42BA-AC0B-D31945B08DB4}.Debug|x64.Build.0 = Debug|x64
		{5D0820A5-D094-42BA-AC0B-D31945B08DB4}.Debug|x86.ActiveCfg = Debug|Win32
		{5D0820A5-D094-42BA-AC0B-D31945B08DB4}.Debug|x86.Build.0 = Debug|Win32
		{5D0820A5-D094-42BA-AC0B-D31945B08DB4}.Release|Any CPU.ActiveCfg = Release|Win32
		{5D0820A5-D094-42BA-AC0B-D31945B08DB4}.Release|x64.ActiveCfg = Release|x64
		{5D0820A5-D094-42BA-AC0B-D31945B08DB4}.Release|x64.Build.0 = Release|x64
		{5D0820A5-D094-42BA-AC0B-D31945B08DB4}.Release|x86.ActiveCfg = Release|Win32
		{5D0820A5-D094-42BA-AC0B-D31945B08DB4}.Release|x86.Build.0 = Release|Win32
		{174B0242-3AE7-40C9-B37C-A494DCE94DDF}.Debug|Any CPU.ActiveCfg = Debug|Win32
		{174B0242-3AE7-40C9-B37C-A494DCE94DDF}.Debug|x64.ActiveCfg = Debug|x64
		{174B0242-3AE7-40C9-B37C-A494DCE94DDF}.Debug|x64.Build.0 = Debug|x64
		{174B0242-3AE7-40C9-B37C-A494DCE94DDF}.Debug|x86.ActiveCfg = Debug|Win32
		{174B0242-3AE7-40C9-B37C-A494DCE94DDF}.Debug|x86.Build.0 = Debug|Win32
		{174B0242-3AE7-40C9-B37C-A494DCE94DDF}.Release|Any CPU.ActiveCfg = Release|Win32
		{174B0242-3AE7-40C9-B37C-A494DCE94DDF}.Release|x64.ActiveCfg = Release|x64
		{174B0242-3AE7-40C9-B37C-A494DCE94DDF}.Release|x64.Build.0 = Release|x64
		{174B0242-3AE7-40C9-B37C-A494DCE94DDF}.Release|x86.ActiveCfg = Release|Win32
		{174B0242-3AE7-40C9-B37C-A494DCE94DDF}.Release|x86.Build.0 = Release|Win32
		{D6E20588-487B-4ACF-9DEA-F0107AB9A2E3}.Debug|Any CPU.ActiveCfg = Debug|Win32
		{D6E20588-487B-4ACF-9DEA-F0107AB9A2E3}.Debug|x64.ActiveCfg = Debug|x64
		{D6E20588-487B-4ACF-9DEA-F0107AB9A2E3}.Debug|x64.Build.0 = Debug|x64
		{D6E20588-487B-4ACF-9DEA-F0107AB9A2E3}.Debug|x86.ActiveCfg = Debug|Win32
		{D6E20588-487B-4ACF-9DEA-F0107AB9A2E3}.Debug|x86.Build.0 = Debug|Win32
		{D6E20588-487B-4ACF-9DEA-F0107AB9A2E3}.Release|Any CPU.ActiveCfg = Release|Win32
		{D6E20588-487B-4ACF-9DEA-F0107AB9A2E3}.Release|x64.ActiveCfg = Release|x64
		{D6E20588-487B-4ACF-9DEA-F0107AB9A2E3}.Release|x64.Build.0 = Release|x64
		{D6E20588-487B-4ACF-9DEA-F0107AB9A2E3}.Release|x86.ActiveCfg = Release|Win32
		{D6E20588-487B-4ACF-9DEA-F0107AB9A2E3}.Release|x86.Build.0 = Release|Win32
	EndGlobalSection
	GlobalSection(SolutionProperties) = preSolution
		HideSolutionNode = FALSE
	EndGlobalSection
	GlobalSection(ExtensibilityGlobals) = postSolution
		SolutionGuid = {A42D8423-B5E9-4D73-9439-429B4E7F8222}
	EndGlobalSection
EndGlobal
